Microsoft Visual Studio Solution File, Format Version 11.00
# Visual Studio 2008

Project("{A122EC34-2ADD-5751-C9EC-B5B24950EF17}") = "Ball Panic", "Assembly-CSharp.csproj", "{D342EC83-06CA-D51B-815B-19D1416B4EE7}"
EndProject
Global
	GlobalSection(SolutionConfigurationPlatforms) = preSolution
		Debug|Any CPU = Debug|Any CPU
		Release|Any CPU = Release|Any CPU
	EndGlobalSection
	GlobalSection(ProjectConfigurationPlatforms) = postSolution
		{D342EC83-06CA-D51B-815B-19D1416B4EE7}.Debug|Any CPU.ActiveCfg = Debug|Any CPU
		{D342EC83-06CA-D51B-815B-19D1416B4EE7}.Debug|Any CPU.Build.0 = Debug|Any CPU
		{D342EC83-06CA-D51B-815B-19D1416B4EE7}.Release|Any CPU.ActiveCfg = Release|Any CPU
		{D342EC83-06CA-D51B-815B-19D1416B4EE7}.Release|Any CPU.Build.0 = Release|Any CPU
	EndGlobalSection
	GlobalSection(SolutionProperties) = preSolution
		HideSolutionNode = FALSE
	EndGlobalSection
	GlobalSection(MonoDevelopProperties) = preSolution
		StartupItem = Assembly-CSharp.csproj
	EndGlobalSection
EndGlobal
